
Microsoft Visual Studio Solution File, Format Version 12.00
# Visual Studio Version 16
VisualStudioVersion = 16.0.28803.452
MinimumVisualStudioVersion = 10.0.40219.1
Project("{FAE04EC0-301F-11D3-BF4B-00C04F79EFBC}") = "Lab13_RockPaperScissors", "Lab13_RockPaperScissors\Lab13_RockPaperScissors.csproj", "{FF0070CA-82DE-430C-B40B-9C85DD52426D}"
EndProject
Global
	GlobalSection(SolutionConfigurationPlatforms) = preSolution
		Debug|Any CPU = Debug|Any CPU
		Release|Any CPU = Release|Any CPU
	EndGlobalSection
	GlobalSection(ProjectConfigurationPlatforms) = postSolution
		{FF0070CA-82DE-430C-B40B-9C85DD52426D}.Debug|Any CPU.ActiveCfg = Debug|Any CPU
		{FF0070CA-82DE-430C-B40B-9C85DD52426D}.Debug|Any CPU.Build.0 = Debug|Any CPU
		{FF0070CA-82DE-430C-B40B-9C85DD52426D}.Release|Any CPU.ActiveCfg = Release|Any CPU
		{FF0070CA-82DE-430C-B40B-9C85DD52426D}.Release|Any CPU.Build.0 = Release|Any CPU
	EndGlobalSection
	GlobalSection(SolutionProperties) = preSolution
		HideSolutionNode = FALSE
	EndGlobalSection
	GlobalSection(ExtensibilityGlobals) = postSolution
		SolutionGuid = {B560C57C-7A49-4094-8A42-79567831E062}
	EndGlobalSection
EndGlobal
